
Microsoft Visual Studio Solution File, Format Version 12.00
# Visual Studio Version 17
VisualStudioVersion = 17.8.34309.116
MinimumVisualStudioVersion = 10.0.40219.1
Project("{2150E333-8FDC-42A3-9474-1A3956D46DE8}") = "01 - API", "01 - API", "{2C55C396-E5B6-4822-8D29-05EAF7B469A4}"
EndProject
Project("{2150E333-8FDC-42A3-9474-1A3956D46DE8}") = "02 - Application", "02 - Application", "{54A9643E-6534-456E-8C98-E7C39BBD813C}"
EndProject
Project("{2150E333-8FDC-42A3-9474-1A3956D46DE8}") = "03 - Domain", "03 - Domain", "{33CA157A-3882-48E1-A129-D444F6CA57B8}"
EndProject
Project("{2150E333-8FDC-42A3-9474-1A3956D46DE8}") = "04 - Services", "04 - Services", "{D97A0823-C095-47A8-8DBA-5E3E3A58714B}"
EndProject
Project("{FAE04EC0-301F-11D3-BF4B-00C04F79EFBC}") = "FillSign.Ds.Api", "FillSign.Api\FillSign.Ds.Api.csproj", "{09E55A4A-4EDA-4998-B96B-6C240F93B008}"
EndProject
Project("{FAE04EC0-301F-11D3-BF4B-00C04F79EFBC}") = "FillSign.Ds.Application", "FillSign.Ds.Application\FillSign.Ds.Application.csproj", "{C93FC124-D8C8-4F4C-B9C2-441EE96694BD}"
EndProject
Project("{FAE04EC0-301F-11D3-BF4B-00C04F79EFBC}") = "FillSign.Ds.Domain", "FillSign.Ds.Domain\FillSign.Ds.Domain.csproj", "{B0EB6235-F4FB-4A98-B3AD-BC820C9618EB}"
EndProject
Project("{FAE04EC0-301F-11D3-BF4B-00C04F79EFBC}") = "FillSign.Ds.Services", "FillSign.Ds.Services\FillSign.Ds.Services.csproj", "{B9CA442C-36D6-4F69-8B05-991FB175FD9E}"
EndProject
Global
	GlobalSection(SolutionConfigurationPlatforms) = preSolution
		Debug|Any CPU = Debug|Any CPU
		Release|Any CPU = Release|Any CPU
	EndGlobalSection
	GlobalSection(ProjectConfigurationPlatforms) = postSolution
		{09E55A4A-4EDA-4998-B96B-6C240F93B008}.Debug|Any CPU.ActiveCfg = Debug|Any CPU
		{09E55A4A-4EDA-4998-B96B-6C240F93B008}.Debug|Any CPU.Build.0 = Debug|Any CPU
		{09E55A4A-4EDA-4998-B96B-6C240F93B008}.Release|Any CPU.ActiveCfg = Release|Any CPU
		{09E55A4A-4EDA-4998-B96B-6C240F93B008}.Release|Any CPU.Build.0 = Release|Any CPU
		{C93FC124-D8C8-4F4C-B9C2-441EE96694BD}.Debug|Any CPU.ActiveCfg = Debug|Any CPU
		{C93FC124-D8C8-4F4C-B9C2-441EE96694BD}.Debug|Any CPU.Build.0 = Debug|Any CPU
		{C93FC124-D8C8-4F4C-B9C2-441EE96694BD}.Release|Any CPU.ActiveCfg = Release|Any CPU
		{C93FC124-D8C8-4F4C-B9C2-441EE96694BD}.Release|Any CPU.Build.0 = Release|Any CPU
		{B0EB6235-F4FB-4A98-B3AD-BC820C9618EB}.Debug|Any CPU.ActiveCfg = Debug|Any CPU
		{B0EB6235-F4FB-4A98-B3AD-BC820C9618EB}.Debug|Any CPU.Build.0 = Debug|Any CPU
		{B0EB6235-F4FB-4A98-B3AD-BC820C9618EB}.Release|Any CPU.ActiveCfg = Release|Any CPU
		{B0EB6235-F4FB-4A98-B3AD-BC820C9618EB}.Release|Any CPU.Build.0 = Release|Any CPU
		{B9CA442C-36D6-4F69-8B05-991FB175FD9E}.Debug|Any CPU.ActiveCfg = Debug|Any CPU
		{B9CA442C-36D6-4F69-8B05-991FB175FD9E}.Debug|Any CPU.Build.0 = Debug|Any CPU
		{B9CA442C-36D6-4F69-8B05-991FB175FD9E}.Release|Any CPU.ActiveCfg = Release|Any CPU
		{B9CA442C-36D6-4F69-8B05-991FB175FD9E}.Release|Any CPU.Build.0 = Release|Any CPU
	EndGlobalSection
	GlobalSection(SolutionProperties) = preSolution
		HideSolutionNode = FALSE
	EndGlobalSection
	GlobalSection(NestedProjects) = preSolution
		{09E55A4A-4EDA-4998-B96B-6C240F93B008} = {2C55C396-E5B6-4822-8D29-05EAF7B469A4}
		{C93FC124-D8C8-4F4C-B9C2-441EE96694BD} = {54A9643E-6534-456E-8C98-E7C39BBD813C}
		{B0EB6235-F4FB-4A98-B3AD-BC820C9618EB} = {33CA157A-3882-48E1-A129-D444F6CA57B8}
		{B9CA442C-36D6-4F69-8B05-991FB175FD9E} = {D97A0823-C095-47A8-8DBA-5E3E3A58714B}
	EndGlobalSection
	GlobalSection(ExtensibilityGlobals) = postSolution
		SolutionGuid = {4EE49517-A1AA-443E-BB48-E901B4947097}
	EndGlobalSection
EndGlobal
